name: Formatting Check for Anvilock (Clang-Format)

on:
  pull_request:
  push:
    branches:
      - main

jobs:
  check-formatting:
    runs-on: ubuntu-latest
    steps:
      - name: Checkout repository
        uses: actions/checkout@v4

      - name: Install clang-format
        run: sudo apt-get install -y clang-format

      - name: Check formatting
        run: |
          find src include -name "*.c" -o -name "*.h" | xargs clang-format --dry-run --Werror
